
Microsoft Visual Studio Solution File, Format Version 12.00
# Visual Studio Version 16
VisualStudioVersion = 16.0.32106.194
MinimumVisualStudioVersion = 10.0.40219.1
Project("{FAE04EC0-301F-11D3-BF4B-00C04F79EFBC}") = "Your Calculator", "Your Calculator.csproj", "{B1310A76-6CA7-4466-8D35-84A4ED0B8B45}"
EndProject
Global
	GlobalSection(SolutionConfigurationPlatforms) = preSolution
		Debug|Any CPU = Debug|Any CPU
		Release|Any CPU = Release|Any CPU
	EndGlobalSection
	GlobalSection(ProjectConfigurationPlatforms) = postSolution
		{B1310A76-6CA7-4466-8D35-84A4ED0B8B45}.Debug|Any CPU.ActiveCfg = Debug|Any CPU
		{B1310A76-6CA7-4466-8D35-84A4ED0B8B45}.Debug|Any CPU.Build.0 = Debug|Any CPU
		{B1310A76-6CA7-4466-8D35-84A4ED0B8B45}.Release|Any CPU.ActiveCfg = Release|Any CPU
		{B1310A76-6CA7-4466-8D35-84A4ED0B8B45}.Release|Any CPU.Build.0 = Release|Any CPU
	EndGlobalSection
	GlobalSection(SolutionProperties) = preSolution
		HideSolutionNode = FALSE
	EndGlobalSection
	GlobalSection(ExtensibilityGlobals) = postSolution
		SolutionGuid = {D7F57318-2CB6-465D-88B6-C03A49738077}
	EndGlobalSection
EndGlobal
